
Microsoft Visual Studio Solution File, Format Version 12.00
# Visual Studio Version 16
VisualStudioVersion = 16.0.29409.12
MinimumVisualStudioVersion = 10.0.40219.1
Project("{FAE04EC0-301F-11D3-BF4B-00C04F79EFBC}") = "ProblemarioMySQL", "WpfApp1\ProblemarioMySQL.csproj", "{C5ADA9B5-02C1-41ED-ADA5-B8BA58215A6D}"
EndProject
Global
	GlobalSection(SolutionConfigurationPlatforms) = preSolution
		Debug|Any CPU = Debug|Any CPU
		Release|Any CPU = Release|Any CPU
	EndGlobalSection
	GlobalSection(ProjectConfigurationPlatforms) = postSolution
		{C5ADA9B5-02C1-41ED-ADA5-B8BA58215A6D}.Debug|Any CPU.ActiveCfg = Debug|Any CPU
		{C5ADA9B5-02C1-41ED-ADA5-B8BA58215A6D}.Debug|Any CPU.Build.0 = Debug|Any CPU
		{C5ADA9B5-02C1-41ED-ADA5-B8BA58215A6D}.Release|Any CPU.ActiveCfg = Release|Any CPU
		{C5ADA9B5-02C1-41ED-ADA5-B8BA58215A6D}.Release|Any CPU.Build.0 = Release|Any CPU
	EndGlobalSection
	GlobalSection(SolutionProperties) = preSolution
		HideSolutionNode = FALSE
	EndGlobalSection
	GlobalSection(ExtensibilityGlobals) = postSolution
		SolutionGuid = {B91A8E9F-CF8A-4D36-BC55-CB7B05AECBC6}
	EndGlobalSection
EndGlobal
